{
  "version": 4,
  "terraform_version": "1.3.4",
  "serial": 45,
  "lineage": "26dcc5d1-d92d-e513-0326-58bce4f8fc73",
  "outputs": {
    "droplet_ip_address": {
      "value": "http://157.245.9.33:9003/",
      "type": "string"
    }
  },
  "resources": [
    {
      "mode": "data",
      "type": "digitalocean_ssh_key",
      "name": "ssh_key",
      "provider": "provider[\"registry.terraform.io/digitalocean/digitalocean\"]",
      "instances": [
        {
          "schema_version": 0,
          "attributes": {
            "fingerprint": "8e:ae:0f:7d:a7:ca:13:a1:be:56:30:40:09:93:de:4a",
            "id": 36678430,
            "name": "Ubunto Empresa",
            "public_key": "ssh-rsa AAAAB3NzaC1yc2EAAAADAQABAAACAQDJjbcoJbhhaML/yjCwtFkpVGF/T4I4AfIdbXxiTzdueN14b7nSdAC53jHeZ1wEq4ksqCikQP/vfhDya4Qi/k0FTc4NvZVW14CN1U//Rrq7eOPzaZpztSIGBIWlyDJgTRyZFiNEOCznwRp2pNQ6yu2Xs/DGlJGLrW+EcekmzrsqoqFS8u7+6X7KR+Nk/TSELgdDsoM3ogTFEif+ZtuMwCuL2sWxCgQQzSB3GtPXsNl/zOoJacWTt92uHMt/5DyAyt4m+BwE7T08E306R8j10xmOHjNdS2Chr5xX8ymCHrwy3N+48Xwti8x1hRP2Mm10b0xwj+68gDKxOvTIfm0k5aaZWcvkIDTBaB9Ofn8heHO074VJpXYFH34N7e71pjL2L2VJGunJmmWp40Li9Sknt0GqwgEueVgZIrGBuija4nvzR2FbU19DLOOTxzq3IOstwa/HtVgq56TAaPNKvUuLu3aOOP7VoOQRfjUfdO2JOpkG0Uajpn7PalZBEKd2pyUvzwlfQ9IK0IR6cx7RqNFuH2Yfi6J8VZQ6oxD5c6lKBc+pmAimQqHkK1p2wqu/fjdRn5gV+jw8gsrrpSMaQIgN66HO9Tf5dcGT5nyNtYS0LydrooICrWd0z+WvPHIXvg+3yYmE3CIvHTfpvPGWiyUGYPk27D/Yqd8Jjf5JbGPelthtJQ== CIANDT\\atila.rampazo@lnb033961cps"
          },
          "sensitive_attributes": []
        }
      ]
    },
    {
      "mode": "managed",
      "type": "digitalocean_droplet",
      "name": "sonar_mentoria",
      "provider": "provider[\"registry.terraform.io/digitalocean/digitalocean\"]",
      "instances": [
        {
          "schema_version": 1,
          "attributes": {
            "backups": false,
            "created_at": "2022-11-17T14:11:28Z",
            "disk": 80,
            "droplet_agent": null,
            "graceful_shutdown": false,
            "id": "326498314",
            "image": "docker-20-04",
            "ipv4_address": "157.245.9.33",
            "ipv4_address_private": "10.108.0.3",
            "ipv6": true,
            "ipv6_address": "2604:a880:800:10::b0b:2001",
            "locked": false,
            "memory": 4096,
            "monitoring": true,
            "name": "sonar-server-mentoria-call",
            "price_hourly": 0.03571,
            "price_monthly": 24,
            "private_networking": true,
            "region": "nyc3",
            "resize_disk": true,
            "size": "s-2vcpu-4gb",
            "ssh_keys": [
              "8e:ae:0f:7d:a7:ca:13:a1:be:56:30:40:09:93:de:4a"
            ],
            "status": "active",
            "tags": [
              "mentoria"
            ],
            "timeouts": null,
            "urn": "do:droplet:326498314",
            "user_data": null,
            "vcpus": 2,
            "volume_ids": [],
            "vpc_uuid": "3a17668b-2cf2-41ab-b987-b804731ddb68"
          },
          "sensitive_attributes": [],
          "private": "eyJlMmJmYjczMC1lY2FhLTExZTYtOGY4OC0zNDM2M2JjN2M0YzAiOnsiY3JlYXRlIjozNjAwMDAwMDAwMDAwLCJkZWxldGUiOjYwMDAwMDAwMDAwLCJ1cGRhdGUiOjM2MDAwMDAwMDAwMDB9LCJzY2hlbWFfdmVyc2lvbiI6IjEifQ==",
          "dependencies": [
            "data.digitalocean_ssh_key.ssh_key"
          ]
        }
      ]
    }
  ],
  "check_results": null
}
