{
  "version": 4,
  "terraform_version": "1.3.3",
  "serial": 35,
  "lineage": "26dcc5d1-d92d-e513-0326-58bce4f8fc73",
  "outputs": {
    "droplet_ip_address": {
      "value": "https://164.90.132.25:9003/",
      "type": "string"
    }
  },
  "resources": [
    {
      "mode": "managed",
      "type": "digitalocean_droplet",
      "name": "sonar_mentoria",
      "provider": "provider[\"registry.terraform.io/digitalocean/digitalocean\"]",
      "instances": [
        {
          "schema_version": 1,
          "attributes": {
            "backups": false,
            "created_at": "2022-11-17T01:09:32Z",
            "disk": 80,
            "droplet_agent": null,
            "graceful_shutdown": false,
            "id": "326398715",
            "image": "docker-20-04",
            "ipv4_address": "164.90.132.25",
            "ipv4_address_private": "10.108.0.3",
            "ipv6": true,
            "ipv6_address": "2604:a880:800:10::c84:a001",
            "locked": false,
            "memory": 4096,
            "monitoring": true,
            "name": "sonar-server-mentoria",
            "price_hourly": 0.03571,
            "price_monthly": 24,
            "private_networking": true,
            "region": "nyc3",
            "resize_disk": true,
            "size": "s-2vcpu-4gb",
            "ssh_keys": [
              "ad:1c:b9:60:24:b9:e9:67:6d:f4:8e:d3:78:17:48:6f"
            ],
            "status": "active",
            "tags": [
              "mentoria"
            ],
            "timeouts": null,
            "urn": "do:droplet:326398715",
            "user_data": null,
            "vcpus": 2,
            "volume_ids": [],
            "vpc_uuid": "3a17668b-2cf2-41ab-b987-b804731ddb68"
          },
          "sensitive_attributes": [],
          "private": "eyJlMmJmYjczMC1lY2FhLTExZTYtOGY4OC0zNDM2M2JjN2M0YzAiOnsiY3JlYXRlIjozNjAwMDAwMDAwMDAwLCJkZWxldGUiOjYwMDAwMDAwMDAwLCJ1cGRhdGUiOjM2MDAwMDAwMDAwMDB9LCJzY2hlbWFfdmVyc2lvbiI6IjEifQ==",
          "dependencies": [
            "digitalocean_ssh_key.ssh_windows"
          ]
        }
      ]
    },
    {
      "mode": "managed",
      "type": "digitalocean_ssh_key",
      "name": "ssh_windows",
      "provider": "provider[\"registry.terraform.io/digitalocean/digitalocean\"]",
      "instances": [
        {
          "schema_version": 0,
          "attributes": {
            "fingerprint": "ad:1c:b9:60:24:b9:e9:67:6d:f4:8e:d3:78:17:48:6f",
            "id": "36791033",
            "name": "ssh_windows",
            "public_key": "ssh-rsa AAAAB3NzaC1yc2EAAAADAQABAAACAQDIPNZpurs0brPEQv98Te/9kGmyBLvhi6/2izUKnkG9FRXy1oeBtdLKqqh9rahx6g01oisWBCLcdPFlWif5uN9c8zsEWkJoPySix2PR1I6YsRAYNWAEuq3fJWlpLwhGjGRKpabNo2zRmXhVZ8IgxUj/O1dSZ/UChty4Th3XWtFalEfKXxnFMVUZ2r9B9s4e7A3Lxt2BBABnXc1NBCKyaVSM+7q6T+wgT1KYpFUhOXD8YCApHDZOK3jwDG/QlbwKbVldeolar9QeJcbMDzhVOTJPEdG57WD1v/AMADIIOEXn2fWHcazfRAq3gvTz+V/u4lotDjZLpasU51hkqwt5fpsFQRlV8WmHL1AqUmz3z7wVPqtL0jsD5fMWIpL1iKzfAJzJFfSo5+mlUDpKGBjTFoDuuCx6f566HsleTm0yK7KKbK0WRHPb1LAoYQP97ehP4NFUROFuOQkkXehJOO2cLWqs8/c8AUhuCG+4xTYMWZcSC6O0cTku+fxjB6OCU2P4wZE1E9cvhhgi76yB+WhMjd0Weo5Bvft4ahBq+V6UItlgV41pD+YDhgd0twtMw8Cuil/crCiPqbDRv9DARRBtiYTq9FyewqUlFQ1Pli1coIF7YTbpolkodynhaJFQ9I0ESeuTjwedEsFNeoY9X3ajNwqKm/8SHdMI5GE7LZ6xUZhmHw== atilarampazo@gmail.com\n"
          },
          "sensitive_attributes": [],
          "private": "bnVsbA=="
        }
      ]
    }
  ],
  "check_results": []
}
