{
  "version": 4,
  "terraform_version": "1.3.4",
  "serial": 9,
  "lineage": "aaf0ee8a-d05c-2cea-c962-ca9c49fccfd3",
  "outputs": {},
  "resources": [
    {
      "mode": "managed",
      "type": "aws_instance",
      "name": "teste2",
      "provider": "provider[\"registry.terraform.io/hashicorp/aws\"]",
      "instances": [
        {
          "schema_version": 1,
          "attributes": {
            "ami": "ami-09d3b3274b6c5d4aa",
            "arn": "arn:aws:ec2:us-east-1:732551593452:instance/i-0a3d83165dc3469b9",
            "associate_public_ip_address": true,
            "availability_zone": "us-east-1d",
            "capacity_reservation_specification": [
              {
                "capacity_reservation_preference": "open",
                "capacity_reservation_target": []
              }
            ],
            "cpu_core_count": 1,
            "cpu_threads_per_core": 1,
            "credit_specification": [
              {
                "cpu_credits": "standard"
              }
            ],
            "disable_api_stop": false,
            "disable_api_termination": false,
            "ebs_block_device": [],
            "ebs_optimized": false,
            "enclave_options": [
              {
                "enabled": false
              }
            ],
            "ephemeral_block_device": [],
            "get_password_data": false,
            "hibernation": false,
            "host_id": null,
            "host_resource_group_arn": null,
            "iam_instance_profile": "",
            "id": "i-0a3d83165dc3469b9",
            "instance_initiated_shutdown_behavior": "stop",
            "instance_state": "running",
            "instance_type": "t2.micro",
            "ipv6_address_count": 0,
            "ipv6_addresses": [],
            "key_name": "deployer_linux",
            "launch_template": [],
            "maintenance_options": [
              {
                "auto_recovery": "default"
              }
            ],
            "metadata_options": [
              {
                "http_endpoint": "enabled",
                "http_put_response_hop_limit": 1,
                "http_tokens": "optional",
                "instance_metadata_tags": "disabled"
              }
            ],
            "monitoring": false,
            "network_interface": [],
            "outpost_arn": "",
            "password_data": "",
            "placement_group": "",
            "placement_partition_number": null,
            "primary_network_interface_id": "eni-01ced99f470083aa7",
            "private_dns": "ip-172-31-16-48.ec2.internal",
            "private_dns_name_options": [
              {
                "enable_resource_name_dns_a_record": false,
                "enable_resource_name_dns_aaaa_record": false,
                "hostname_type": "ip-name"
              }
            ],
            "private_ip": "172.31.16.48",
            "public_dns": "ec2-54-159-7-197.compute-1.amazonaws.com",
            "public_ip": "54.159.7.197",
            "root_block_device": [
              {
                "delete_on_termination": true,
                "device_name": "/dev/xvda",
                "encrypted": false,
                "iops": 100,
                "kms_key_id": "",
                "tags": {},
                "throughput": 0,
                "volume_id": "vol-096d929a9f64c7677",
                "volume_size": 8,
                "volume_type": "gp2"
              }
            ],
            "secondary_private_ips": [],
            "security_groups": [
              "default"
            ],
            "source_dest_check": true,
            "subnet_id": "subnet-0d236a139b741e0d4",
            "tags": {
              "Name": "Terraform"
            },
            "tags_all": {
              "Name": "Terraform"
            },
            "tenancy": "default",
            "timeouts": null,
            "user_data": null,
            "user_data_base64": null,
            "user_data_replace_on_change": false,
            "volume_tags": null,
            "vpc_security_group_ids": [
              "sg-00900c362d57b1d87"
            ]
          },
          "sensitive_attributes": [],
          "private": "eyJlMmJmYjczMC1lY2FhLTExZTYtOGY4OC0zNDM2M2JjN2M0YzAiOnsiY3JlYXRlIjo2MDAwMDAwMDAwMDAsImRlbGV0ZSI6MTIwMDAwMDAwMDAwMCwidXBkYXRlIjo2MDAwMDAwMDAwMDB9LCJzY2hlbWFfdmVyc2lvbiI6IjEifQ==",
          "dependencies": [
            "aws_key_pair.deployer"
          ]
        }
      ]
    },
    {
      "mode": "managed",
      "type": "aws_key_pair",
      "name": "deployer",
      "provider": "provider[\"registry.terraform.io/hashicorp/aws\"]",
      "instances": [
        {
          "schema_version": 1,
          "attributes": {
            "arn": "arn:aws:ec2:us-east-1:732551593452:key-pair/deployer_linux",
            "fingerprint": "1a:67:b9:16:e2:f4:9c:f7:11:e1:1e:a4:8c:6c:b3:b0",
            "id": "deployer_linux",
            "key_name": "deployer_linux",
            "key_name_prefix": "",
            "key_pair_id": "key-04bbecfc9d82f80b4",
            "key_type": "rsa",
            "public_key": "ssh-rsa AAAAB3NzaC1yc2EAAAADAQABAAACAQDJjbcoJbhhaML/yjCwtFkpVGF/T4I4AfIdbXxiTzdueN14b7nSdAC53jHeZ1wEq4ksqCikQP/vfhDya4Qi/k0FTc4NvZVW14CN1U//Rrq7eOPzaZpztSIGBIWlyDJgTRyZFiNEOCznwRp2pNQ6yu2Xs/DGlJGLrW+EcekmzrsqoqFS8u7+6X7KR+Nk/TSELgdDsoM3ogTFEif+ZtuMwCuL2sWxCgQQzSB3GtPXsNl/zOoJacWTt92uHMt/5DyAyt4m+BwE7T08E306R8j10xmOHjNdS2Chr5xX8ymCHrwy3N+48Xwti8x1hRP2Mm10b0xwj+68gDKxOvTIfm0k5aaZWcvkIDTBaB9Ofn8heHO074VJpXYFH34N7e71pjL2L2VJGunJmmWp40Li9Sknt0GqwgEueVgZIrGBuija4nvzR2FbU19DLOOTxzq3IOstwa/HtVgq56TAaPNKvUuLu3aOOP7VoOQRfjUfdO2JOpkG0Uajpn7PalZBEKd2pyUvzwlfQ9IK0IR6cx7RqNFuH2Yfi6J8VZQ6oxD5c6lKBc+pmAimQqHkK1p2wqu/fjdRn5gV+jw8gsrrpSMaQIgN66HO9Tf5dcGT5nyNtYS0LydrooICrWd0z+WvPHIXvg+3yYmE3CIvHTfpvPGWiyUGYPk27D/Yqd8Jjf5JbGPelthtJQ== CIANDT\\atila.rampazo@lnb033961cps",
            "tags": null,
            "tags_all": {}
          },
          "sensitive_attributes": [],
          "private": "eyJzY2hlbWFfdmVyc2lvbiI6IjEifQ=="
        }
      ]
    }
  ],
  "check_results": null
}
